// !$*UTF8*$!
{
	archiveVersion = 1;
	classes = {
	};
	objectVersion = 50;
	objects = {

/* Begin PBXBuildFile section */
		009D6F352249DAB3001E9B43 /* SettingVC.swift in Sources */ = {isa = PBXBuildFile; fileRef = 009D6F342249DAB3001E9B43 /* SettingVC.swift */; };
		009D6F402249E102001E9B43 /* ExUIView.swift in Sources */ = {isa = PBXBuildFile; fileRef = 009D6F3F2249E102001E9B43 /* ExUIView.swift */; };
		009D6F422249E1C8001E9B43 /* TodoVC.swift in Sources */ = {isa = PBXBuildFile; fileRef = 009D6F412249E1C8001E9B43 /* TodoVC.swift */; };
		009D6F442249E260001E9B43 /* TodoView.swift in Sources */ = {isa = PBXBuildFile; fileRef = 009D6F432249E260001E9B43 /* TodoView.swift */; };
		009D6F462249E26D001E9B43 /* TodoView.xib in Resources */ = {isa = PBXBuildFile; fileRef = 009D6F452249E26D001E9B43 /* TodoView.xib */; };
		009D6F482249E42E001E9B43 /* Todo.storyboard in Resources */ = {isa = PBXBuildFile; fileRef = 009D6F472249E42E001E9B43 /* Todo.storyboard */; };
		009D6F4C2249E5FB001E9B43 /* Schedule.storyboard in Resources */ = {isa = PBXBuildFile; fileRef = 009D6F4B2249E5FB001E9B43 /* Schedule.storyboard */; };
		009D6F4E2249E616001E9B43 /* ScheduleView.swift in Sources */ = {isa = PBXBuildFile; fileRef = 009D6F4D2249E616001E9B43 /* ScheduleView.swift */; };
		009D6F502249E623001E9B43 /* ScheduleView.xib in Resources */ = {isa = PBXBuildFile; fileRef = 009D6F4F2249E623001E9B43 /* ScheduleView.xib */; };
		00CA6B9C2247C34300A4DFAA /* AppDelegate.swift in Sources */ = {isa = PBXBuildFile; fileRef = 00CA6B9B2247C34300A4DFAA /* AppDelegate.swift */; };
		00CA6BA02247C34300A4DFAA /* ScheduleVC.swift in Sources */ = {isa = PBXBuildFile; fileRef = 00CA6B9F2247C34300A4DFAA /* ScheduleVC.swift */; };
		00CA6BA32247C34300A4DFAA /* Main.storyboard in Resources */ = {isa = PBXBuildFile; fileRef = 00CA6BA12247C34300A4DFAA /* Main.storyboard */; };
		00CA6BA52247C34400A4DFAA /* Assets.xcassets in Resources */ = {isa = PBXBuildFile; fileRef = 00CA6BA42247C34400A4DFAA /* Assets.xcassets */; };
		00CA6BA82247C34400A4DFAA /* LaunchScreen.storyboard in Resources */ = {isa = PBXBuildFile; fileRef = 00CA6BA62247C34400A4DFAA /* LaunchScreen.storyboard */; };
		00CA6BB32247C34400A4DFAA /* TicketScheduleTests.swift in Sources */ = {isa = PBXBuildFile; fileRef = 00CA6BB22247C34400A4DFAA /* TicketScheduleTests.swift */; };
		00CA6BBE2247C34400A4DFAA /* TicketScheduleUITests.swift in Sources */ = {isa = PBXBuildFile; fileRef = 00CA6BBD2247C34400A4DFAA /* TicketScheduleUITests.swift */; };
/* End PBXBuildFile section */

/* Begin PBXContainerItemProxy section */
		00CA6BAF2247C34400A4DFAA /* PBXContainerItemProxy */ = {
			isa = PBXContainerItemProxy;
			containerPortal = 00CA6B902247C34300A4DFAA /* Project object */;
			proxyType = 1;
			remoteGlobalIDString = 00CA6B972247C34300A4DFAA;
			remoteInfo = TicketSchedule;
		};
		00CA6BBA2247C34400A4DFAA /* PBXContainerItemProxy */ = {
			isa = PBXContainerItemProxy;
			containerPortal = 00CA6B902247C34300A4DFAA /* Project object */;
			proxyType = 1;
			remoteGlobalIDString = 00CA6B972247C34300A4DFAA;
			remoteInfo = TicketSchedule;
		};
/* End PBXContainerItemProxy section */

/* Begin PBXFileReference section */
		009D6F342249DAB3001E9B43 /* SettingVC.swift */ = {isa = PBXFileReference; lastKnownFileType = sourcecode.swift; path = SettingVC.swift; sourceTree = "<group>"; };
		009D6F3F2249E102001E9B43 /* ExUIView.swift */ = {isa = PBXFileReference; lastKnownFileType = sourcecode.swift; path = ExUIView.swift; sourceTree = "<group>"; };
		009D6F412249E1C8001E9B43 /* TodoVC.swift */ = {isa = PBXFileReference; lastKnownFileType = sourcecode.swift; path = TodoVC.swift; sourceTree = "<group>"; };
		009D6F432249E260001E9B43 /* TodoView.swift */ = {isa = PBXFileReference; lastKnownFileType = sourcecode.swift; path = TodoView.swift; sourceTree = "<group>"; };
		009D6F452249E26D001E9B43 /* TodoView.xib */ = {isa = PBXFileReference; lastKnownFileType = file.xib; path = TodoView.xib; sourceTree = "<group>"; };
		009D6F472249E42E001E9B43 /* Todo.storyboard */ = {isa = PBXFileReference; lastKnownFileType = file.storyboard; path = Todo.storyboard; sourceTree = "<group>"; };
		009D6F4B2249E5FB001E9B43 /* Schedule.storyboard */ = {isa = PBXFileReference; lastKnownFileType = file.storyboard; path = Schedule.storyboard; sourceTree = "<group>"; };
		009D6F4D2249E616001E9B43 /* ScheduleView.swift */ = {isa = PBXFileReference; lastKnownFileType = sourcecode.swift; path = ScheduleView.swift; sourceTree = "<group>"; };
		009D6F4F2249E623001E9B43 /* ScheduleView.xib */ = {isa = PBXFileReference; lastKnownFileType = file.xib; path = ScheduleView.xib; sourceTree = "<group>"; };
		00CA6B982247C34300A4DFAA /* TicketSchedule.app */ = {isa = PBXFileReference; explicitFileType = wrapper.application; includeInIndex = 0; path = TicketSchedule.app; sourceTree = BUILT_PRODUCTS_DIR; };
		00CA6B9B2247C34300A4DFAA /* AppDelegate.swift */ = {isa = PBXFileReference; lastKnownFileType = sourcecode.swift; path = AppDelegate.swift; sourceTree = "<group>"; };
		00CA6B9F2247C34300A4DFAA /* ScheduleVC.swift */ = {isa = PBXFileReference; lastKnownFileType = sourcecode.swift; path = ScheduleVC.swift; sourceTree = "<group>"; };
		00CA6BA22247C34300A4DFAA /* Base */ = {isa = PBXFileReference; lastKnownFileType = file.storyboard; name = Base; path = Base.lproj/Main.storyboard; sourceTree = "<group>"; };
		00CA6BA42247C34400A4DFAA /* Assets.xcassets */ = {isa = PBXFileReference; lastKnownFileType = folder.assetcatalog; path = Assets.xcassets; sourceTree = "<group>"; };
		00CA6BA72247C34400A4DFAA /* Base */ = {isa = PBXFileReference; lastKnownFileType = file.storyboard; name = Base; path = Base.lproj/LaunchScreen.storyboard; sourceTree = "<group>"; };
		00CA6BA92247C34400A4DFAA /* Info.plist */ = {isa = PBXFileReference; lastKnownFileType = text.plist.xml; path = Info.plist; sourceTree = "<group>"; };
		00CA6BAE2247C34400A4DFAA /* TicketScheduleTests.xctest */ = {isa = PBXFileReference; explicitFileType = wrapper.cfbundle; includeInIndex = 0; path = TicketScheduleTests.xctest; sourceTree = BUILT_PRODUCTS_DIR; };
		00CA6BB22247C34400A4DFAA /* TicketScheduleTests.swift */ = {isa = PBXFileReference; lastKnownFileType = sourcecode.swift; path = TicketScheduleTests.swift; sourceTree = "<group>"; };
		00CA6BB42247C34400A4DFAA /* Info.plist */ = {isa = PBXFileReference; lastKnownFileType = text.plist.xml; path = Info.plist; sourceTree = "<group>"; };
		00CA6BB92247C34400A4DFAA /* TicketScheduleUITests.xctest */ = {isa = PBXFileReference; explicitFileType = wrapper.cfbundle; includeInIndex = 0; path = TicketScheduleUITests.xctest; sourceTree = BUILT_PRODUCTS_DIR; };
		00CA6BBD2247C34400A4DFAA /* TicketScheduleUITests.swift */ = {isa = PBXFileReference; lastKnownFileType = sourcecode.swift; path = TicketScheduleUITests.swift; sourceTree = "<group>"; };
		00CA6BBF2247C34400A4DFAA /* Info.plist */ = {isa = PBXFileReference; lastKnownFileType = text.plist.xml; path = Info.plist; sourceTree = "<group>"; };
/* End PBXFileReference section */

/* Begin PBXFrameworksBuildPhase section */
		00CA6B952247C34300A4DFAA /* Frameworks */ = {
			isa = PBXFrameworksBuildPhase;
			buildActionMask = 2147483647;
			files = (
			);
			runOnlyForDeploymentPostprocessing = 0;
		};
		00CA6BAB2247C34400A4DFAA /* Frameworks */ = {
			isa = PBXFrameworksBuildPhase;
			buildActionMask = 2147483647;
			files = (
			);
			runOnlyForDeploymentPostprocessing = 0;
		};
		00CA6BB62247C34400A4DFAA /* Frameworks */ = {
			isa = PBXFrameworksBuildPhase;
			buildActionMask = 2147483647;
			files = (
			);
			runOnlyForDeploymentPostprocessing = 0;
		};
/* End PBXFrameworksBuildPhase section */

/* Begin PBXGroup section */
		009D6F312249D9AF001E9B43 /* Todo */ = {
			isa = PBXGroup;
			children = (
				009D6F412249E1C8001E9B43 /* TodoVC.swift */,
				009D6F432249E260001E9B43 /* TodoView.swift */,
				009D6F452249E26D001E9B43 /* TodoView.xib */,
				009D6F472249E42E001E9B43 /* Todo.storyboard */,
			);
			path = Todo;
			sourceTree = "<group>";
		};
		009D6F322249D9C3001E9B43 /* Schedule */ = {
			isa = PBXGroup;
			children = (
				00CA6B9F2247C34300A4DFAA /* ScheduleVC.swift */,
				009D6F4D2249E616001E9B43 /* ScheduleView.swift */,
				009D6F4F2249E623001E9B43 /* ScheduleView.xib */,
				009D6F4B2249E5FB001E9B43 /* Schedule.storyboard */,
			);
			path = Schedule;
			sourceTree = "<group>";
		};
		009D6F332249D9F3001E9B43 /* Setting */ = {
			isa = PBXGroup;
			children = (
				009D6F342249DAB3001E9B43 /* SettingVC.swift */,
			);
			path = Setting;
			sourceTree = "<group>";
		};
		009D6F3E2249E0E3001E9B43 /* Extensions */ = {
			isa = PBXGroup;
			children = (
				009D6F3F2249E102001E9B43 /* ExUIView.swift */,
			);
			path = Extensions;
			sourceTree = "<group>";
		};
		00CA6B8F2247C34300A4DFAA = {
			isa = PBXGroup;
			children = (
				00CA6B9A2247C34300A4DFAA /* TicketSchedule */,
				00CA6BB12247C34400A4DFAA /* TicketScheduleTests */,
				00CA6BBC2247C34400A4DFAA /* TicketScheduleUITests */,
				00CA6B992247C34300A4DFAA /* Products */,
			);
			sourceTree = "<group>";
		};
		00CA6B992247C34300A4DFAA /* Products */ = {
			isa = PBXGroup;
			children = (
				00CA6B982247C34300A4DFAA /* TicketSchedule.app */,
				00CA6BAE2247C34400A4DFAA /* TicketScheduleTests.xctest */,
				00CA6BB92247C34400A4DFAA /* TicketScheduleUITests.xctest */,
			);
			name = Products;
			sourceTree = "<group>";
		};
		00CA6B9A2247C34300A4DFAA /* TicketSchedule */ = {
			isa = PBXGroup;
			children = (
				009D6F3E2249E0E3001E9B43 /* Extensions */,
				009D6F312249D9AF001E9B43 /* Todo */,
				009D6F322249D9C3001E9B43 /* Schedule */,
				009D6F332249D9F3001E9B43 /* Setting */,
				00CA6B9B2247C34300A4DFAA /* AppDelegate.swift */,
				00CA6BA12247C34300A4DFAA /* Main.storyboard */,
				00CA6BA42247C34400A4DFAA /* Assets.xcassets */,
				00CA6BA62247C34400A4DFAA /* LaunchScreen.storyboard */,
				00CA6BA92247C34400A4DFAA /* Info.plist */,
			);
			path = TicketSchedule;
			sourceTree = "<group>";
		};
		00CA6BB12247C34400A4DFAA /* TicketScheduleTests */ = {
			isa = PBXGroup;
			children = (
				00CA6BB22247C34400A4DFAA /* TicketScheduleTests.swift */,
				00CA6BB42247C34400A4DFAA /* Info.plist */,
			);
			path = TicketScheduleTests;
			sourceTree = "<group>";
		};
		00CA6BBC2247C34400A4DFAA /* TicketScheduleUITests */ = {
			isa = PBXGroup;
			children = (
				00CA6BBD2247C34400A4DFAA /* TicketScheduleUITests.swift */,
				00CA6BBF2247C34400A4DFAA /* Info.plist */,
			);
			path = TicketScheduleUITests;
			sourceTree = "<group>";
		};
/* End PBXGroup section */

/* Begin PBXNativeTarget section */
		00CA6B972247C34300A4DFAA /* TicketSchedule */ = {
			isa = PBXNativeTarget;
			buildConfigurationList = 00CA6BC22247C34400A4DFAA /* Build configuration list for PBXNativeTarget "TicketSchedule" */;
			buildPhases = (
				00CA6B942247C34300A4DFAA /* Sources */,
				00CA6B952247C34300A4DFAA /* Frameworks */,
				00CA6B962247C34300A4DFAA /* Resources */,
			);
			buildRules = (
			);
			dependencies = (
			);
			name = TicketSchedule;
			productName = TicketSchedule;
			productReference = 00CA6B982247C34300A4DFAA /* TicketSchedule.app */;
			productType = "com.apple.product-type.application";
		};
		00CA6BAD2247C34400A4DFAA /* TicketScheduleTests */ = {
			isa = PBXNativeTarget;
			buildConfigurationList = 00CA6BC52247C34400A4DFAA /* Build configuration list for PBXNativeTarget "TicketScheduleTests" */;
			buildPhases = (
				00CA6BAA2247C34400A4DFAA /* Sources */,
				00CA6BAB2247C34400A4DFAA /* Frameworks */,
				00CA6BAC2247C34400A4DFAA /* Resources */,
			);
			buildRules = (
			);
			dependencies = (
				00CA6BB02247C34400A4DFAA /* PBXTargetDependency */,
			);
			name = TicketScheduleTests;
			productName = TicketScheduleTests;
			productReference = 00CA6BAE2247C34400A4DFAA /* TicketScheduleTests.xctest */;
			productType = "com.apple.product-type.bundle.unit-test";
		};
		00CA6BB82247C34400A4DFAA /* TicketScheduleUITests */ = {
			isa = PBXNativeTarget;
			buildConfigurationList = 00CA6BC82247C34400A4DFAA /* Build configuration list for PBXNativeTarget "TicketScheduleUITests" */;
			buildPhases = (
				00CA6BB52247C34400A4DFAA /* Sources */,
				00CA6BB62247C34400A4DFAA /* Frameworks */,
				00CA6BB72247C34400A4DFAA /* Resources */,
			);
			buildRules = (
			);
			dependencies = (
				00CA6BBB2247C34400A4DFAA /* PBXTargetDependency */,
			);
			name = TicketScheduleUITests;
			productName = TicketScheduleUITests;
			productReference = 00CA6BB92247C34400A4DFAA /* TicketScheduleUITests.xctest */;
			productType = "com.apple.product-type.bundle.ui-testing";
		};
/* End PBXNativeTarget section */

/* Begin PBXProject section */
		00CA6B902247C34300A4DFAA /* Project object */ = {
			isa = PBXProject;
			attributes = {
				LastSwiftUpdateCheck = 1010;
				LastUpgradeCheck = 1010;
				ORGANIZATIONNAME = "Takaki Otsu";
				TargetAttributes = {
					00CA6B972247C34300A4DFAA = {
						CreatedOnToolsVersion = 10.1;
					};
					00CA6BAD2247C34400A4DFAA = {
						CreatedOnToolsVersion = 10.1;
						TestTargetID = 00CA6B972247C34300A4DFAA;
					};
					00CA6BB82247C34400A4DFAA = {
						CreatedOnToolsVersion = 10.1;
						TestTargetID = 00CA6B972247C34300A4DFAA;
					};
				};
			};
			buildConfigurationList = 00CA6B932247C34300A4DFAA /* Build configuration list for PBXProject "TicketSchedule" */;
			compatibilityVersion = "Xcode 9.3";
			developmentRegion = en;
			hasScannedForEncodings = 0;
			knownRegions = (
				en,
				Base,
			);
			mainGroup = 00CA6B8F2247C34300A4DFAA;
			productRefGroup = 00CA6B992247C34300A4DFAA /* Products */;
			projectDirPath = "";
			projectRoot = "";
			targets = (
				00CA6B972247C34300A4DFAA /* TicketSchedule */,
				00CA6BAD2247C34400A4DFAA /* TicketScheduleTests */,
				00CA6BB82247C34400A4DFAA /* TicketScheduleUITests */,
			);
		};
/* End PBXProject section */

/* Begin PBXResourcesBuildPhase section */
		00CA6B962247C34300A4DFAA /* Resources */ = {
			isa = PBXResourcesBuildPhase;
			buildActionMask = 2147483647;
			files = (
				00CA6BA82247C34400A4DFAA /* LaunchScreen.storyboard in Resources */,
				009D6F502249E623001E9B43 /* ScheduleView.xib in Resources */,
				009D6F482249E42E001E9B43 /* Todo.storyboard in Resources */,
				00CA6BA52247C34400A4DFAA /* Assets.xcassets in Resources */,
				009D6F462249E26D001E9B43 /* TodoView.xib in Resources */,
				00CA6BA32247C34300A4DFAA /* Main.storyboard in Resources */,
				009D6F4C2249E5FB001E9B43 /* Schedule.storyboard in Resources */,
			);
			runOnlyForDeploymentPostprocessing = 0;
		};
		00CA6BAC2247C34400A4DFAA /* Resources */ = {
			isa = PBXResourcesBuildPhase;
			buildActionMask = 2147483647;
			files = (
			);
			runOnlyForDeploymentPostprocessing = 0;
		};
		00CA6BB72247C34400A4DFAA /* Resources */ = {
			isa = PBXResourcesBuildPhase;
			buildActionMask = 2147483647;
			files = (
			);
			runOnlyForDeploymentPostprocessing = 0;
		};
/* End PBXResourcesBuildPhase section */

/* Begin PBXSourcesBuildPhase section */
		00CA6B942247C34300A4DFAA /* Sources */ = {
			isa = PBXSourcesBuildPhase;
			buildActionMask = 2147483647;
			files = (
				009D6F442249E260001E9B43 /* TodoView.swift in Sources */,
				00CA6BA02247C34300A4DFAA /* ScheduleVC.swift in Sources */,
				009D6F352249DAB3001E9B43 /* SettingVC.swift in Sources */,
				009D6F4E2249E616001E9B43 /* ScheduleView.swift in Sources */,
				009D6F402249E102001E9B43 /* ExUIView.swift in Sources */,
				009D6F422249E1C8001E9B43 /* TodoVC.swift in Sources */,
				00CA6B9C2247C34300A4DFAA /* AppDelegate.swift in Sources */,
			);
			runOnlyForDeploymentPostprocessing = 0;
		};
		00CA6BAA2247C34400A4DFAA /* Sources */ = {
			isa = PBXSourcesBuildPhase;
			buildActionMask = 2147483647;
			files = (
				00CA6BB32247C34400A4DFAA /* TicketScheduleTests.swift in Sources */,
			);
			runOnlyForDeploymentPostprocessing = 0;
		};
		00CA6BB52247C34400A4DFAA /* Sources */ = {
			isa = PBXSourcesBuildPhase;
			buildActionMask = 2147483647;
			files = (
				00CA6BBE2247C34400A4DFAA /* TicketScheduleUITests.swift in Sources */,
			);
			runOnlyForDeploymentPostprocessing = 0;
		};
/* End PBXSourcesBuildPhase section */

/* Begin PBXTargetDependency section */
		00CA6BB02247C34400A4DFAA /* PBXTargetDependency */ = {
			isa = PBXTargetDependency;
			target = 00CA6B972247C34300A4DFAA /* TicketSchedule */;
			targetProxy = 00CA6BAF2247C34400A4DFAA /* PBXContainerItemProxy */;
		};
		00CA6BBB2247C34400A4DFAA /* PBXTargetDependency */ = {
			isa = PBXTargetDependency;
			target = 00CA6B972247C34300A4DFAA /* TicketSchedule */;
			targetProxy = 00CA6BBA2247C34400A4DFAA /* PBXContainerItemProxy */;
		};
/* End PBXTargetDependency section */

/* Begin PBXVariantGroup section */
		00CA6BA12247C34300A4DFAA /* Main.storyboard */ = {
			isa = PBXVariantGroup;
			children = (
				00CA6BA22247C34300A4DFAA /* Base */,
			);
			name = Main.storyboard;
			sourceTree = "<group>";
		};
		00CA6BA62247C34400A4DFAA /* LaunchScreen.storyboard */ = {
			isa = PBXVariantGroup;
			children = (
				00CA6BA72247C34400A4DFAA /* Base */,
			);
			name = LaunchScreen.storyboard;
			sourceTree = "<group>";
		};
/* End PBXVariantGroup section */

/* Begin XCBuildConfiguration section */
		00CA6BC02247C34400A4DFAA /* Debug */ = {
			isa = XCBuildConfiguration;
			buildSettings = {
				ALWAYS_SEARCH_USER_PATHS = NO;
				CLANG_ANALYZER_NONNULL = YES;
				CLANG_ANALYZER_NUMBER_OBJECT_CONVERSION = YES_AGGRESSIVE;
				CLANG_CXX_LANGUAGE_STANDARD = "gnu++14";
				CLANG_CXX_LIBRARY = "libc++";
				CLANG_ENABLE_MODULES = YES;
				CLANG_ENABLE_OBJC_ARC = YES;
				CLANG_ENABLE_OBJC_WEAK = YES;
				CLANG_WARN_BLOCK_CAPTURE_AUTORELEASING = YES;
				CLANG_WARN_BOOL_CONVERSION = YES;
				CLANG_WARN_COMMA = YES;
				CLANG_WARN_CONSTANT_CONVERSION = YES;
				CLANG_WARN_DEPRECATED_OBJC_IMPLEMENTATIONS = YES;
				CLANG_WARN_DIRECT_OBJC_ISA_USAGE = YES_ERROR;
				CLANG_WARN_DOCUMENTATION_COMMENTS = YES;
				CLANG_WARN_EMPTY_BODY = YES;
				CLANG_WARN_ENUM_CONVERSION = YES;
				CLANG_WARN_INFINITE_RECURSION = YES;
				CLANG_WARN_INT_CONVERSION = YES;
				CLANG_WARN_NON_LITERAL_NULL_CONVERSION = YES;
				CLANG_WARN_OBJC_IMPLICIT_RETAIN_SELF = YES;
				CLANG_WARN_OBJC_LITERAL_CONVERSION = YES;
				CLANG_WARN_OBJC_ROOT_CLASS = YES_ERROR;
				CLANG_WARN_RANGE_LOOP_ANALYSIS = YES;
				CLANG_WARN_STRICT_PROTOTYPES = YES;
				CLANG_WARN_SUSPICIOUS_MOVE = YES;
				CLANG_WARN_UNGUARDED_AVAILABILITY = YES_AGGRESSIVE;
				CLANG_WARN_UNREACHABLE_CODE = YES;
				CLANG_WARN__DUPLICATE_METHOD_MATCH = YES;
				CODE_SIGN_IDENTITY = "iPhone Developer";
				COPY_PHASE_STRIP = NO;
				DEBUG_INFORMATION_FORMAT = dwarf;
				ENABLE_STRICT_OBJC_MSGSEND = YES;
				ENABLE_TESTABILITY = YES;
				GCC_C_LANGUAGE_STANDARD = gnu11;
				GCC_DYNAMIC_NO_PIC = NO;
				GCC_NO_COMMON_BLOCKS = YES;
				GCC_OPTIMIZATION_LEVEL = 0;
				GCC_PREPROCESSOR_DEFINITIONS = (
					"DEBUG=1",
					"$(inherited)",
				);
				GCC_WARN_64_TO_32_BIT_CONVERSION = YES;
				GCC_WARN_ABOUT_RETURN_TYPE = YES_ERROR;
				GCC_WARN_UNDECLARED_SELECTOR = YES;
				GCC_WARN_UNINITIALIZED_AUTOS = YES_AGGRESSIVE;
				GCC_WARN_UNUSED_FUNCTION = YES;
				GCC_WARN_UNUSED_VARIABLE = YES;
				IPHONEOS_DEPLOYMENT_TARGET = 12.1;
				MTL_ENABLE_DEBUG_INFO = INCLUDE_SOURCE;
				MTL_FAST_MATH = YES;
				ONLY_ACTIVE_ARCH = YES;
				SDKROOT = iphoneos;
				SWIFT_ACTIVE_COMPILATION_CONDITIONS = DEBUG;
				SWIFT_OPTIMIZATION_LEVEL = "-Onone";
			};
			name = Debug;
		};
		00CA6BC12247C34400A4DFAA /* Release */ = {
			isa = XCBuildConfiguration;
			buildSettings = {
				ALWAYS_SEARCH_USER_PATHS = NO;
				CLANG_ANALYZER_NONNULL = YES;
				CLANG_ANALYZER_NUMBER_OBJECT_CONVERSION = YES_AGGRESSIVE;
				CLANG_CXX_LANGUAGE_STANDARD = "gnu++14";
				CLANG_CXX_LIBRARY = "libc++";
				CLANG_ENABLE_MODULES = YES;
				CLANG_ENABLE_OBJC_ARC = YES;
				CLANG_ENABLE_OBJC_WEAK = YES;
				CLANG_WARN_BLOCK_CAPTURE_AUTORELEASING = YES;
				CLANG_WARN_BOOL_CONVERSION = YES;
				CLANG_WARN_COMMA = YES;
				CLANG_WARN_CONSTANT_CONVERSION = YES;
				CLANG_WARN_DEPRECATED_OBJC_IMPLEMENTATIONS = YES;
				CLANG_WARN_DIRECT_OBJC_ISA_USAGE = YES_ERROR;
				CLANG_WARN_DOCUMENTATION_COMMENTS = YES;
				CLANG_WARN_EMPTY_BODY = YES;
				CLANG_WARN_ENUM_CONVERSION = YES;
				CLANG_WARN_INFINITE_RECURSION = YES;
				CLANG_WARN_INT_CONVERSION = YES;
				CLANG_WARN_NON_LITERAL_NULL_CONVERSION = YES;
				CLANG_WARN_OBJC_IMPLICIT_RETAIN_SELF = YES;
				CLANG_WARN_OBJC_LITERAL_CONVERSION = YES;
				CLANG_WARN_OBJC_ROOT_CLASS = YES_ERROR;
				CLANG_WARN_RANGE_LOOP_ANALYSIS = YES;
				CLANG_WARN_STRICT_PROTOTYPES = YES;
				CLANG_WARN_SUSPICIOUS_MOVE = YES;
				CLANG_WARN_UNGUARDED_AVAILABILITY = YES_AGGRESSIVE;
				CLANG_WARN_UNREACHABLE_CODE = YES;
				CLANG_WARN__DUPLICATE_METHOD_MATCH = YES;
				CODE_SIGN_IDENTITY = "iPhone Developer";
				COPY_PHASE_STRIP = NO;
				DEBUG_INFORMATION_FORMAT = "dwarf-with-dsym";
				ENABLE_NS_ASSERTIONS = NO;
				ENABLE_STRICT_OBJC_MSGSEND = YES;
				GCC_C_LANGUAGE_STANDARD = gnu11;
				GCC_NO_COMMON_BLOCKS = YES;
				GCC_WARN_64_TO_32_BIT_CONVERSION = YES;
				GCC_WARN_ABOUT_RETURN_TYPE = YES_ERROR;
				GCC_WARN_UNDECLARED_SELECTOR = YES;
				GCC_WARN_UNINITIALIZED_AUTOS = YES_AGGRESSIVE;
				GCC_WARN_UNUSED_FUNCTION = YES;
				GCC_WARN_UNUSED_VARIABLE = YES;
				IPHONEOS_DEPLOYMENT_TARGET = 12.1;
				MTL_ENABLE_DEBUG_INFO = NO;
				MTL_FAST_MATH = YES;
				SDKROOT = iphoneos;
				SWIFT_COMPILATION_MODE = wholemodule;
				SWIFT_OPTIMIZATION_LEVEL = "-O";
				VALIDATE_PRODUCT = YES;
			};
			name = Release;
		};
		00CA6BC32247C34400A4DFAA /* Debug */ = {
			isa = XCBuildConfiguration;
			buildSettings = {
				ASSETCATALOG_COMPILER_APPICON_NAME = AppIcon;
				CODE_SIGN_STYLE = Automatic;
				DEVELOPMENT_TEAM = 4A95HK5T2E;
				INFOPLIST_FILE = TicketSchedule/Info.plist;
				LD_RUNPATH_SEARCH_PATHS = (
					"$(inherited)",
					"@executable_path/Frameworks",
				);
				PRODUCT_BUNDLE_IDENTIFIER = TurkeyLeg0403.TicketSchedule;
				PRODUCT_NAME = "$(TARGET_NAME)";
				SWIFT_VERSION = 4.2;
				TARGETED_DEVICE_FAMILY = "1,2";
			};
			name = Debug;
		};
		00CA6BC42247C34400A4DFAA /* Release */ = {
			isa = XCBuildConfiguration;
			buildSettings = {
				ASSETCATALOG_COMPILER_APPICON_NAME = AppIcon;
				CODE_SIGN_STYLE = Automatic;
				DEVELOPMENT_TEAM = 4A95HK5T2E;
				INFOPLIST_FILE = TicketSchedule/Info.plist;
				LD_RUNPATH_SEARCH_PATHS = (
					"$(inherited)",
					"@executable_path/Frameworks",
				);
				PRODUCT_BUNDLE_IDENTIFIER = TurkeyLeg0403.TicketSchedule;
				PRODUCT_NAME = "$(TARGET_NAME)";
				SWIFT_VERSION = 4.2;
				TARGETED_DEVICE_FAMILY = "1,2";
			};
			name = Release;
		};
		00CA6BC62247C34400A4DFAA /* Debug */ = {
			isa = XCBuildConfiguration;
			buildSettings = {
				ALWAYS_EMBED_SWIFT_STANDARD_LIBRARIES = YES;
				BUNDLE_LOADER = "$(TEST_HOST)";
				CODE_SIGN_STYLE = Automatic;
				DEVELOPMENT_TEAM = 4A95HK5T2E;
				INFOPLIST_FILE = TicketScheduleTests/Info.plist;
				LD_RUNPATH_SEARCH_PATHS = (
					"$(inherited)",
					"@executable_path/Frameworks",
					"@loader_path/Frameworks",
				);
				PRODUCT_BUNDLE_IDENTIFIER = TurkeyLeg0403.TicketScheduleTests;
				PRODUCT_NAME = "$(TARGET_NAME)";
				SWIFT_VERSION = 4.2;
				TARGETED_DEVICE_FAMILY = "1,2";
				TEST_HOST = "$(BUILT_PRODUCTS_DIR)/TicketSchedule.app/TicketSchedule";
			};
			name = Debug;
		};
		00CA6BC72247C34400A4DFAA /* Release */ = {
			isa = XCBuildConfiguration;
			buildSettings = {
				ALWAYS_EMBED_SWIFT_STANDARD_LIBRARIES = YES;
				BUNDLE_LOADER = "$(TEST_HOST)";
				CODE_SIGN_STYLE = Automatic;
				DEVELOPMENT_TEAM = 4A95HK5T2E;
				INFOPLIST_FILE = TicketScheduleTests/Info.plist;
				LD_RUNPATH_SEARCH_PATHS = (
					"$(inherited)",
					"@executable_path/Frameworks",
					"@loader_path/Frameworks",
				);
				PRODUCT_BUNDLE_IDENTIFIER = TurkeyLeg0403.TicketScheduleTests;
				PRODUCT_NAME = "$(TARGET_NAME)";
				SWIFT_VERSION = 4.2;
				TARGETED_DEVICE_FAMILY = "1,2";
				TEST_HOST = "$(BUILT_PRODUCTS_DIR)/TicketSchedule.app/TicketSchedule";
			};
			name = Release;
		};
		00CA6BC92247C34400A4DFAA /* Debug */ = {
			isa = XCBuildConfiguration;
			buildSettings = {
				ALWAYS_EMBED_SWIFT_STANDARD_LIBRARIES = YES;
				CODE_SIGN_STYLE = Automatic;
				DEVELOPMENT_TEAM = 4A95HK5T2E;
				INFOPLIST_FILE = TicketScheduleUITests/Info.plist;
				LD_RUNPATH_SEARCH_PATHS = (
					"$(inherited)",
					"@executable_path/Frameworks",
					"@loader_path/Frameworks",
				);
				PRODUCT_BUNDLE_IDENTIFIER = TurkeyLeg0403.TicketScheduleUITests;
				PRODUCT_NAME = "$(TARGET_NAME)";
				SWIFT_VERSION = 4.2;
				TARGETED_DEVICE_FAMILY = "1,2";
				TEST_TARGET_NAME = TicketSchedule;
			};
			name = Debug;
		};
		00CA6BCA2247C34400A4DFAA /* Release */ = {
			isa = XCBuildConfiguration;
			buildSettings = {
				ALWAYS_EMBED_SWIFT_STANDARD_LIBRARIES = YES;
				CODE_SIGN_STYLE = Automatic;
				DEVELOPMENT_TEAM = 4A95HK5T2E;
				INFOPLIST_FILE = TicketScheduleUITests/Info.plist;
				LD_RUNPATH_SEARCH_PATHS = (
					"$(inherited)",
					"@executable_path/Frameworks",
					"@loader_path/Frameworks",
				);
				PRODUCT_BUNDLE_IDENTIFIER = TurkeyLeg0403.TicketScheduleUITests;
				PRODUCT_NAME = "$(TARGET_NAME)";
				SWIFT_VERSION = 4.2;
				TARGETED_DEVICE_FAMILY = "1,2";
				TEST_TARGET_NAME = TicketSchedule;
			};
			name = Release;
		};
/* End XCBuildConfiguration section */

/* Begin XCConfigurationList section */
		00CA6B932247C34300A4DFAA /* Build configuration list for PBXProject "TicketSchedule" */ = {
			isa = XCConfigurationList;
			buildConfigurations = (
				00CA6BC02247C34400A4DFAA /* Debug */,
				00CA6BC12247C34400A4DFAA /* Release */,
			);
			defaultConfigurationIsVisible = 0;
			defaultConfigurationName = Release;
		};
		00CA6BC22247C34400A4DFAA /* Build configuration list for PBXNativeTarget "TicketSchedule" */ = {
			isa = XCConfigurationList;
			buildConfigurations = (
				00CA6BC32247C34400A4DFAA /* Debug */,
				00CA6BC42247C34400A4DFAA /* Release */,
			);
			defaultConfigurationIsVisible = 0;
			defaultConfigurationName = Release;
		};
		00CA6BC52247C34400A4DFAA /* Build configuration list for PBXNativeTarget "TicketScheduleTests" */ = {
			isa = XCConfigurationList;
			buildConfigurations = (
				00CA6BC62247C34400A4DFAA /* Debug */,
				00CA6BC72247C34400A4DFAA /* Release */,
			);
			defaultConfigurationIsVisible = 0;
			defaultConfigurationName = Release;
		};
		00CA6BC82247C34400A4DFAA /* Build configuration list for PBXNativeTarget "TicketScheduleUITests" */ = {
			isa = XCConfigurationList;
			buildConfigurations = (
				00CA6BC92247C34400A4DFAA /* Debug */,
				00CA6BCA2247C34400A4DFAA /* Release */,
			);
			defaultConfigurationIsVisible = 0;
			defaultConfigurationName = Release;
		};
/* End XCConfigurationList section */
	};
	rootObject = 00CA6B902247C34300A4DFAA /* Project object */;
}
